
Microsoft Visual Studio Solution File, Format Version 12.00
# Visual Studio Version 17
VisualStudioVersion = 17.11.35327.3
MinimumVisualStudioVersion = 10.0.40219.1
Project("{FAE04EC0-301F-11D3-BF4B-00C04F79EFBC}") = "Linqa", "Linqa\Linqa.csproj", "{5BD0C168-6FA5-4C7E-91F6-03255F19148F}"
EndProject
Global
	GlobalSection(SolutionConfigurationPlatforms) = preSolution
		Debug|Any CPU = Debug|Any CPU
		Release|Any CPU = Release|Any CPU
	EndGlobalSection
	GlobalSection(ProjectConfigurationPlatforms) = postSolution
		{5BD0C168-6FA5-4C7E-91F6-03255F19148F}.Debug|Any CPU.ActiveCfg = Debug|Any CPU
		{5BD0C168-6FA5-4C7E-91F6-03255F19148F}.Debug|Any CPU.Build.0 = Debug|Any CPU
		{5BD0C168-6FA5-4C7E-91F6-03255F19148F}.Release|Any CPU.ActiveCfg = Release|Any CPU
		{5BD0C168-6FA5-4C7E-91F6-03255F19148F}.Release|Any CPU.Build.0 = Release|Any CPU
	EndGlobalSection
	GlobalSection(SolutionProperties) = preSolution
		HideSolutionNode = FALSE
	EndGlobalSection
	GlobalSection(ExtensibilityGlobals) = postSolution
		SolutionGuid = {FFA34B4C-37A4-487F-9B86-16DD7C88BD87}
	EndGlobalSection
EndGlobal
